
Microsoft Visual Studio Solution File, Format Version 12.00
# Visual Studio 15
VisualStudioVersion = 15.0.26430.12
MinimumVisualStudioVersion = 10.0.40219.1
Project("{FAE04EC0-301F-11D3-BF4B-00C04F79EFBC}") = "DomainValidationConsole", "DomainValidationConsole\DomainValidationConsole.csproj", "{49EC189A-6912-4A9E-8A37-FA64EB895D5E}"
EndProject
Project("{2150E333-8FDC-42A3-9474-1A3956D46DE8}") = "UI", "UI", "{1010638A-B7A4-4AEB-A875-076AD31724FF}"
EndProject
Project("{2150E333-8FDC-42A3-9474-1A3956D46DE8}") = "Infra", "Infra", "{17C46B72-F54E-4697-9C1E-4023626C38C7}"
EndProject
Project("{2150E333-8FDC-42A3-9474-1A3956D46DE8}") = "Domain", "Domain", "{0E232163-35E2-4678-ADEC-FEEB15B57847}"
EndProject
Project("{FAE04EC0-301F-11D3-BF4B-00C04F79EFBC}") = "DomainValidation.Domain", "DomainValidation.Domain\DomainValidation.Domain.csproj", "{EE76661E-69BB-48BA-B2FB-B6E005A20E15}"
EndProject
Project("{FAE04EC0-301F-11D3-BF4B-00C04F79EFBC}") = "DomainValidation.Infra.Common", "DomainValidation.Infra.Common\DomainValidation.Infra.Common.csproj", "{2A225416-3BA2-4FC7-870A-A3D36ECB0EA8}"
EndProject
Global
	GlobalSection(SolutionConfigurationPlatforms) = preSolution
		Debug|Any CPU = Debug|Any CPU
		Release|Any CPU = Release|Any CPU
	EndGlobalSection
	GlobalSection(ProjectConfigurationPlatforms) = postSolution
		{49EC189A-6912-4A9E-8A37-FA64EB895D5E}.Debug|Any CPU.ActiveCfg = Debug|Any CPU
		{49EC189A-6912-4A9E-8A37-FA64EB895D5E}.Debug|Any CPU.Build.0 = Debug|Any CPU
		{49EC189A-6912-4A9E-8A37-FA64EB895D5E}.Release|Any CPU.ActiveCfg = Release|Any CPU
		{49EC189A-6912-4A9E-8A37-FA64EB895D5E}.Release|Any CPU.Build.0 = Release|Any CPU
		{EE76661E-69BB-48BA-B2FB-B6E005A20E15}.Debug|Any CPU.ActiveCfg = Debug|Any CPU
		{EE76661E-69BB-48BA-B2FB-B6E005A20E15}.Debug|Any CPU.Build.0 = Debug|Any CPU
		{EE76661E-69BB-48BA-B2FB-B6E005A20E15}.Release|Any CPU.ActiveCfg = Release|Any CPU
		{EE76661E-69BB-48BA-B2FB-B6E005A20E15}.Release|Any CPU.Build.0 = Release|Any CPU
		{2A225416-3BA2-4FC7-870A-A3D36ECB0EA8}.Debug|Any CPU.ActiveCfg = Debug|Any CPU
		{2A225416-3BA2-4FC7-870A-A3D36ECB0EA8}.Debug|Any CPU.Build.0 = Debug|Any CPU
		{2A225416-3BA2-4FC7-870A-A3D36ECB0EA8}.Release|Any CPU.ActiveCfg = Release|Any CPU
		{2A225416-3BA2-4FC7-870A-A3D36ECB0EA8}.Release|Any CPU.Build.0 = Release|Any CPU
	EndGlobalSection
	GlobalSection(SolutionProperties) = preSolution
		HideSolutionNode = FALSE
	EndGlobalSection
	GlobalSection(NestedProjects) = preSolution
		{49EC189A-6912-4A9E-8A37-FA64EB895D5E} = {1010638A-B7A4-4AEB-A875-076AD31724FF}
		{EE76661E-69BB-48BA-B2FB-B6E005A20E15} = {0E232163-35E2-4678-ADEC-FEEB15B57847}
		{2A225416-3BA2-4FC7-870A-A3D36ECB0EA8} = {17C46B72-F54E-4697-9C1E-4023626C38C7}
	EndGlobalSection
EndGlobal
